{
  "version": "3",
  "remote": {
    "https://cdn.skypack.dev/-/debug@v4.3.4-o4liVvMlOnQWbLSYZMXw/dist=es2019,mode=imports/optimized/debug.js": "671100993996e39b501301a87000607916d4d2d9f8fc8e9c5200ae5ba64a1389",
    "https://cdn.skypack.dev/-/ms@v2.1.2-giBDZ1IA5lmQ3ZXaa87V/dist=es2019,mode=imports/optimized/ms.js": "fd88e2d51900437011f1ad232f3393ce97db1b87a7844b3c58dd6d65562c1276",
    "https://cdn.skypack.dev/debug@4.3.4": "7b1d010cc930f71b940ba5941da055bc181115229e29de7214bdb4425c68ea76",
    "https://deno.land/std@0.163.0/async/abortable.ts": "87aa7230be8360c24ad437212311c9e8d4328854baec27b4c7abb26e85515c06",
    "https://deno.land/std@0.163.0/async/deadline.ts": "48ac998d7564969f3e6ec6b6f9bf0217ebd00239b1b2292feba61272d5dd58d0",
    "https://deno.land/std@0.163.0/async/debounce.ts": "dc8b92d4a4fe7eac32c924f2b8d3e62112530db70cadce27042689d82970b350",
    "https://deno.land/std@0.163.0/async/deferred.ts": "d8fb253ffde2a056e4889ef7e90f3928f28be9f9294b6505773d33f136aab4e6",
    "https://deno.land/std@0.163.0/async/delay.ts": "0419dfc993752849692d1f9647edf13407c7facc3509b099381be99ffbc9d699",
    "https://deno.land/std@0.163.0/async/mod.ts": "dd0a8ed4f3984ffabe2fcca7c9f466b7932d57b1864ffee148a5d5388316db6b",
    "https://deno.land/std@0.163.0/async/mux_async_iterator.ts": "3447b28a2a582224a3d4d3596bccbba6e85040da3b97ed64012f7decce98d093",
    "https://deno.land/std@0.163.0/async/pool.ts": "ef9eb97b388543acbf0ac32647121e4dbe629236899586c4d4311a8770fbb239",
    "https://deno.land/std@0.163.0/async/tee.ts": "9af3a3e7612af75861308b52249e167f5ebc3dcfc8a1a4d45462d96606ee2b70",
    "https://deno.land/std@0.163.0/http/server.ts": "e99c1bee8a3f6571ee4cdeb2966efad465b8f6fe62bec1bdb59c1f007cc4d155",
    "https://deno.land/std@0.192.0/_util/asserts.ts": "178dfc49a464aee693a7e285567b3d0b555dc805ff490505a8aae34f9cfb1462",
    "https://deno.land/std@0.192.0/_util/os.ts": "d932f56d41e4f6a6093d56044e29ce637f8dcc43c5a90af43504a889cf1775e3",
    "https://deno.land/std@0.192.0/async/deferred.ts": "42790112f36a75a57db4a96d33974a936deb7b04d25c6084a9fa8a49f135def8",
    "https://deno.land/std@0.192.0/bytes/bytes_list.ts": "31d664f4d42fa922066405d0e421c56da89d751886ee77bbe25a88bf0310c9d0",
    "https://deno.land/std@0.192.0/bytes/copy.ts": "939d89e302a9761dcf1d9c937c7711174ed74c59eef40a1e4569a05c9de88219",
    "https://deno.land/std@0.192.0/io/buffer.ts": "17f4410eaaa60a8a85733e8891349a619eadfbbe42e2f319283ce2b8f29723ab",
    "https://deno.land/std@0.192.0/path/_constants.ts": "e49961f6f4f48039c0dfed3c3f93e963ca3d92791c9d478ac5b43183413136e0",
    "https://deno.land/std@0.192.0/path/_interface.ts": "6471159dfbbc357e03882c2266d21ef9afdb1e4aa771b0545e90db58a0ba314b",
    "https://deno.land/std@0.192.0/path/_util.ts": "d7abb1e0dea065f427b89156e28cdeb32b045870acdf865833ba808a73b576d0",
    "https://deno.land/std@0.192.0/path/common.ts": "ee7505ab01fd22de3963b64e46cff31f40de34f9f8de1fff6a1bd2fe79380000",
    "https://deno.land/std@0.192.0/path/glob.ts": "d479e0a695621c94d3fd7fe7abd4f9499caf32a8de13f25073451c6ef420a4e1",
    "https://deno.land/std@0.192.0/path/mod.ts": "f065032a7189404fdac3ad1a1551a9ac84751d2f25c431e101787846c86c79ef",
    "https://deno.land/std@0.192.0/path/posix.ts": "8b7c67ac338714b30c816079303d0285dd24af6b284f7ad63da5b27372a2c94d",
    "https://deno.land/std@0.192.0/path/separator.ts": "0fb679739d0d1d7bf45b68dacfb4ec7563597a902edbaf3c59b50d5bcadd93b1",
    "https://deno.land/std@0.192.0/path/win32.ts": "d186344e5583bcbf8b18af416d13d82b35a317116e6460a5a3953508c3de5bba",
    "https://deno.land/std@0.192.0/streams/_common.ts": "f45cba84f0d813de3326466095539602364a9ba521f804cc758f7a475cda692d",
    "https://deno.land/std@0.192.0/streams/buffer.ts": "d5b3d7d0299114e5b2ea895a8bf202a687fd915c5282f8096c7bae23b5a04407",
    "https://deno.land/std@0.192.0/streams/byte_slice_stream.ts": "225d57263a34325d7c96cb3dafeb478eec0e6fd05cd0458d678752eadd132bb4",
    "https://deno.land/std@0.192.0/streams/copy.ts": "75cbc795ff89291df22ddca5252de88b2e16d40c85d02840593386a8a1454f71",
    "https://deno.land/std@0.192.0/streams/delimiter_stream.ts": "f69e849b3d1f59f02424497273f411105a6f76a9f13da92aeeb9a2d554236814",
    "https://deno.land/std@0.192.0/streams/early_zip_readable_streams.ts": "4005fa74162b943f79899e5d7cb96adcbc0a6b867f9144974ed12d30e0a556e1",
    "https://deno.land/std@0.192.0/streams/iterate_reader.ts": "bbec1d45c2df2c0c5920bad0549351446fdc8e0886d99e95959b259dbcdb6072",
    "https://deno.land/std@0.192.0/streams/limited_bytes_transform_stream.ts": "05dc592ffaab83257494d22dd53917e56243c26e5e3129b3f13ddbbbc4785048",
    "https://deno.land/std@0.192.0/streams/limited_transform_stream.ts": "d69ab790232c1b86f53621ad41ef03c235f2abb4b7a1cd51960ad6e12ee55e38",
    "https://deno.land/std@0.192.0/streams/merge_readable_streams.ts": "dc2db0cbf1b14d999aa2aa2a2a1ba24ce58953878f29845ed9319321d0a01fab",
    "https://deno.land/std@0.192.0/streams/mod.ts": "c07ec010e700b9ea887dc36ca08729828bc7912f711e4054e24d33fd46282252",
    "https://deno.land/std@0.192.0/streams/read_all.ts": "ee319772fb0fd28302f97343cc48dfcf948f154fd0d755d8efe65814b70533be",
    "https://deno.land/std@0.192.0/streams/readable_stream_from_iterable.ts": "cd4bb9e9bf6dbe84c213beb1f5085c326624421671473e410cfaecad15f01865",
    "https://deno.land/std@0.192.0/streams/readable_stream_from_reader.ts": "bfc416c4576a30aac6b9af22c9dc292c20c6742141ee7c55b5e85460beb0c54e",
    "https://deno.land/std@0.192.0/streams/reader_from_iterable.ts": "55f68110dce3f8f2c87b834d95f153bc904257fc65175f9f2abe78455cb8047c",
    "https://deno.land/std@0.192.0/streams/reader_from_stream_reader.ts": "fa4971e5615a010e49492c5d1688ca1a4d17472a41e98b498ab89a64ebd7ac73",
    "https://deno.land/std@0.192.0/streams/text_delimiter_stream.ts": "20e680ab8b751390e359288ce764f9c47d164af11a263870746eeca4bc7d976b",
    "https://deno.land/std@0.192.0/streams/text_line_stream.ts": "0f2c4b33a5fdb2476f2e060974cba1347cefe99a4af33c28a57524b1a34750fa",
    "https://deno.land/std@0.192.0/streams/to_transform_stream.ts": "7f55fc0b14cf3ed0f8d10d8f41d05bdc40726e44a65c37f58705d10a615f0159",
    "https://deno.land/std@0.192.0/streams/writable_stream_from_writer.ts": "56fff5c82fb736fdd669b567cc0b2bbbe0351002cd13254eae26c366e2bed89a",
    "https://deno.land/std@0.192.0/streams/write_all.ts": "aec90152978581ea62d56bb53a5cbf487e6a89c902f87c5969681ffbdf32b998",
    "https://deno.land/std@0.192.0/streams/writer_from_stream_writer.ts": "07c7ee025151a190f37fc42cbb01ff93afc949119ebddc6e0d0df14df1bf6950",
    "https://deno.land/std@0.192.0/streams/zip_readable_streams.ts": "a9d81aa451240f79230add674809dbee038d93aabe286e2d9671e66591fc86ca",
    "https://deno.land/std@0.201.0/dotenv/load.ts": "0636983549b98f29ab75c9a22a42d9723f0a389ece5498fe971e7bb2556a12e2",
    "https://deno.land/std@0.201.0/dotenv/mod.ts": "1da8c6d0e7f7d8a5c2b19400b763bc11739df24acec235dda7ea2cfd3d300057",
    "https://deno.land/x/grammy@v1.17.2/bot.ts": "ffce94b3a89ae0709239f444a47a3c3a83ad661db2ec20ec93f116e5c97d8da3",
    "https://deno.land/x/grammy@v1.17.2/composer.ts": "8660f86990f4ef2afc4854a1f2610bb8d60f88116f3a57c8e5515a77b277f82d",
    "https://deno.land/x/grammy@v1.17.2/context.ts": "7fe20f84637b5dd5ff2658a9e4fa0b84008480418a1196698f954eaa79583675",
    "https://deno.land/x/grammy@v1.17.2/convenience/constants.ts": "43543431827be02dcafcbca922c501a2f95e89cdc10623fd9dc0d6c5f8cf0002",
    "https://deno.land/x/grammy@v1.17.2/convenience/frameworks.ts": "4d4e5ecdcb4f48d3b317c35d8201800c45002e1e195af1b5d7609617f4bdc656",
    "https://deno.land/x/grammy@v1.17.2/convenience/inline_query.ts": "409d1940c7670708064efa495003bcbfdf6763a756b2e6303c464489fd3394ff",
    "https://deno.land/x/grammy@v1.17.2/convenience/input_media.ts": "7af72a5fdb1af0417e31b1327003f536ddfdf64e06ab8bc7f5da6b574de38658",
    "https://deno.land/x/grammy@v1.17.2/convenience/keyboard.ts": "21220dc2321c40203c699fa4eb7b07ed8217956ea0477c241a551224a58a278d",
    "https://deno.land/x/grammy@v1.17.2/convenience/session.ts": "f9b7a0737cb813810731a3c29c3f5f84a457f493f9e7651e132daab9b58b08e9",
    "https://deno.land/x/grammy@v1.17.2/convenience/webhook.ts": "f1da7d6426171fb7b5d5f6b59633f91d3bab9a474eea821f714932650965eb9e",
    "https://deno.land/x/grammy@v1.17.2/core/api.ts": "fe30690fb5a32a663780ae28c02a97aeb134b6fc7bc056e32a32ffbd398b62ac",
    "https://deno.land/x/grammy@v1.17.2/core/client.ts": "8914f13b2cb69f16104a9711e4fea0a4500edd0950736dcc3ac078ab46f7a5ab",
    "https://deno.land/x/grammy@v1.17.2/core/error.ts": "4638b2127ebe60249c78b83011d468f5e1e1a87748d32fe11a8200d9f824ad13",
    "https://deno.land/x/grammy@v1.17.2/core/payload.ts": "420e17c3c2830b5576ea187cfce77578fe09f1204b25c25ea2f220ca7c86e73b",
    "https://deno.land/x/grammy@v1.17.2/filter.ts": "edcecb46b38f54b93b9b5892bdce1b194b9ce437706ddba0a166bbc26d0a38c0",
    "https://deno.land/x/grammy@v1.17.2/mod.ts": "b81cccf69779667b36bef5d0373d1567684917a3b9827873f3de7a7e6af1926f",
    "https://deno.land/x/grammy@v1.17.2/platform.deno.ts": "6ba4f12a4df6d2374aa94471db6138d2fe26dec19aa23e13d0794d8dc6e1772f",
    "https://deno.land/x/grammy@v1.17.2/types.deno.ts": "47059ef698d79a6edf853a6b9da8c93b8b7a9bf35ce500208a02a8bad3e33177",
    "https://deno.land/x/grammy@v1.17.2/types.ts": "729415590dfa188dbe924dea614dff4e976babdbabb28a307b869fc25777cdf0",
    "https://deno.land/x/grammy_types@v3.1.2/api.ts": "efc90a31eb6f59ae5e7a4cf5838f46529e2fa6fa7e97a51a82dbd28afad21592",
    "https://deno.land/x/grammy_types@v3.1.2/inline.ts": "8b94cee32f193dc5c689202a78d6525f6c167cc3e10b5e568c0315f654654586",
    "https://deno.land/x/grammy_types@v3.1.2/manage.ts": "0872ba14a17318bc9a3b8911bea2f24e92bae84a9d0493251454a7b03c357614",
    "https://deno.land/x/grammy_types@v3.1.2/markup.ts": "73348ed0be8926a3057fe7d9e60212326b65bb0fe7848f3cf198dd0eb42734f4",
    "https://deno.land/x/grammy_types@v3.1.2/message.ts": "e21f2df52dd1948353a93db742bcc3b4deacf9f7117b70c358bde7042d79cf83",
    "https://deno.land/x/grammy_types@v3.1.2/methods.ts": "91d345f824360650c1c2aaaebb1bed8bab7df0bb38570cc7a5c58f9b7bb2c658",
    "https://deno.land/x/grammy_types@v3.1.2/mod.ts": "7b5f421b4fbb1761f7f0d68328eaddd515f3222ce3f3cdfbedd8d5a4781e91a7",
    "https://deno.land/x/grammy_types@v3.1.2/passport.ts": "e3fb63aec96510bcc317ef48fd25b435444b8f407502d7568c00fce15f2958fd",
    "https://deno.land/x/grammy_types@v3.1.2/payment.ts": "d23e9038c5b479b606e620dd84e3e67b6642ada110a962f2d5b5286e99ec7de5",
    "https://deno.land/x/grammy_types@v3.1.2/settings.ts": "5e989f5bd6c587d55673bd8052293869aa2f372e9223dd7f6e28632bfe021b6e",
    "https://deno.land/x/grammy_types@v3.1.2/update.ts": "b60c2aa5f8060a3fa429dda282cb5c7267899fa17bb9000e248f31abadfb5087",
    "https://deno.land/x/rss@1.0.0/deps.ts": "70fff553732037df617f449d8910690b68bdd4da4f22c62d839cfa7aef100fd3",
    "https://deno.land/x/rss@1.0.0/mod.ts": "6a6478e0c11eb8dc60a61d8c3c809ae8b12738d399b820856a6a514faa3b4ff6",
    "https://deno.land/x/rss@1.0.0/src/deserializer.ts": "a8b3f54e64bfc23df205c37d3e4df7e9e40e3aac0fd330de4fab5a787e8b4c1c",
    "https://deno.land/x/rss@1.0.0/src/mappers/mapper.ts": "a141894e5da4259670a7afe2b39782147aadee2b4ef40b2155a3485d98c7c6a7",
    "https://deno.land/x/rss@1.0.0/src/mappers/media_mapper.ts": "d21314dc8d687cc7976c81b94d1e92bcb840f9a3cc59cfeef82a4835d60f6a2f",
    "https://deno.land/x/rss@1.0.0/src/mappers/mod.ts": "967fc998d9b9fce635a2bf326d876e2d42d9e69fd9666efdd28d4aaff3ab94b1",
    "https://deno.land/x/rss@1.0.0/src/resolvers/atom_resolver.ts": "41107cc3c57f7b51b5a8c425bb7bf91773e9d8ace01fa6c0f1df8352532d46dd",
    "https://deno.land/x/rss@1.0.0/src/resolvers/dublin_core_resolver.ts": "cdc12e443e3ce7d96b839b7ed6e97d26f0500c4bd1c8051a88871fd9fce3bcd7",
    "https://deno.land/x/rss@1.0.0/src/resolvers/media_rss_resolver.ts": "d40784e616b98d83d4a6f0d7b8e31199096a4172f7fe401c871ad504bc556a3b",
    "https://deno.land/x/rss@1.0.0/src/resolvers/mod.ts": "063f3341070fa0e69cea48a9387a226e0a1c500193d7e75cb25b0a870717c8fa",
    "https://deno.land/x/rss@1.0.0/src/resolvers/rss1_resolver.ts": "76292ebe5ab13aa17408288f62d19bdd78c74b47307e2db7fc0df595305d37a4",
    "https://deno.land/x/rss@1.0.0/src/resolvers/rss2_resolver.ts": "a82b0e9e5ba0f73d4bd924de12b0d02575a2fc56142bea534a83e632bb166b97",
    "https://deno.land/x/rss@1.0.0/src/resolvers/slash_resolver.ts": "ea904b557a18961077bb974cea64629fd46f0cc5964fd8e66eaaeca5f0682ce4",
    "https://deno.land/x/rss@1.0.0/src/resolvers/types/resolver_result.ts": "c0b211a60e799da35911aa8e6a4e882b2282261db00f94288fdc353054bd55b3",
    "https://deno.land/x/rss@1.0.0/src/types/atom.ts": "49726f13bce85e829cbcddff038652a8bc8c55279d8b07194a6b088035168a59",
    "https://deno.land/x/rss@1.0.0/src/types/deserialization_result.ts": "4f1c7a44c8c508fca4ce1558c73626ed2505140d85824208bc6512736f48aef7",
    "https://deno.land/x/rss@1.0.0/src/types/dublin_core.ts": "8b18fc08f705d2e380315213355cdf47114f1a08dcdc55865d14d13023eb87d6",
    "https://deno.land/x/rss@1.0.0/src/types/feed.ts": "b57a6b3a8498021aabe7c265d2b656aa666ca2f24e048975c4ee7b1c1fe699e0",
    "https://deno.land/x/rss@1.0.0/src/types/feed_type.ts": "b2098f23982be344a19f00915437550d1e4002fb653ac9e34455a90119ee4e6c",
    "https://deno.land/x/rss@1.0.0/src/types/fields/atom_fields.ts": "85bf1a4b3e917baa3c94f3fba8283b678d5a10e78a16c42cfa19b2ee0bf210b3",
    "https://deno.land/x/rss@1.0.0/src/types/fields/dublin_core_fields.ts": "fd6b7e5b660a4f99cabb7a62ae91ab48579de340e57c8dd7ad62c992e64c1644",
    "https://deno.land/x/rss@1.0.0/src/types/fields/media_rss_fields.ts": "076b1e23b6ca99002ffb13e5859164acdf45617aea90440acc75fb28f3aa00b4",
    "https://deno.land/x/rss@1.0.0/src/types/fields/mod.ts": "cdcbf786f30577d8e95648f10a6a1a069e6f68ba749e3b753caff94f205ddaaa",
    "https://deno.land/x/rss@1.0.0/src/types/fields/rss1_fields.ts": "04da9ca7d3fe2b59626c6b3bd18bfd41bf1b1531bc33f2d4f420f10da4e84f7e",
    "https://deno.land/x/rss@1.0.0/src/types/fields/rss2_fields.ts": "c5041472e42cdf04e9f6b2e6e2e334b016aff40524c9a4a4f2c3a5875f9508ea",
    "https://deno.land/x/rss@1.0.0/src/types/fields/slash_fields.ts": "11a1cf81744fe3b2bddbcf3a3ce6f86406d250198ef8c41e6fa58dd652e2e466",
    "https://deno.land/x/rss@1.0.0/src/types/internal/internal_atom.ts": "32a68a98bdcf268c60fdf054ed214a5ee35d75a0dbd960ad9449502b333e4107",
    "https://deno.land/x/rss@1.0.0/src/types/internal/internal_dublin_core.ts": "9f3d63a2386335c8bfe03d3ca3aa6e71f437edb2df0c29f1317308f35cdbcfea",
    "https://deno.land/x/rss@1.0.0/src/types/internal/internal_media_rss.ts": "77a85ac367575395497017c7d0982622b20dfd39ebaf1282406d0c5dc37b6e93",
    "https://deno.land/x/rss@1.0.0/src/types/internal/internal_rss1.ts": "844a931f74950bf50415758f236ed9b7df8a9d9996326582365d721378794974",
    "https://deno.land/x/rss@1.0.0/src/types/internal/internal_rss2.ts": "84a63a3dbeddc50e7a61303b083abc351d2287b5ac715eca4f4db8f4b006b504",
    "https://deno.land/x/rss@1.0.0/src/types/internal/mod.ts": "3347809917893b3b7f1730486f1c89002ca0745be43d61443cabb780b70bfc0b",
    "https://deno.land/x/rss@1.0.0/src/types/json_feed.ts": "5d39ff077934ba361b1132dcb75d1d5a397404aef9b3c0aa57ece103d8761982",
    "https://deno.land/x/rss@1.0.0/src/types/media_rss.ts": "efd2e6c8a7c7cc3fc685d0b88ef2ba406f43bea8b0e0bc22e3e4cbed3caa06a9",
    "https://deno.land/x/rss@1.0.0/src/types/mod.ts": "c8daacf748276644389dd3c8d9c5e6c964707cc59b719b35aa1a424d453d543c",
    "https://deno.land/x/rss@1.0.0/src/types/rss1.ts": "30335c0ec9c02e5ebb0ffbe5d8341a23b9c261cd85a7a7780bb6f9523fe406f9",
    "https://deno.land/x/rss@1.0.0/src/types/rss2.ts": "e71052107ea616cbd74e2c2e3c2f0c42680a97ec9ce2edfd6f440ab98ff89581",
    "https://deno.land/x/rss@1.0.0/src/types/slash.ts": "9a08968ef416f818de3ab9778650fa0b586f9c8c60369bdbd365ba110c5f6f05",
    "https://deno.land/x/rss@1.0.0/src/types/value_field.ts": "27bf4039789ad4fc2044137de736651d0e416dfd461e8dda9b0800cc735900d3",
    "https://deno.land/x/rss@1.0.0/src/util.ts": "a6611bcea8acf000eb01220092f1bea6c18aaf3ad82578c60563f25f6260c080",
    "https://deno.land/x/sax_ts@v1.2.12/src/sax.ts": "3b8303be055b59501d598fa6c6374b97cef1526f9f14ffe03d169f83ededae6c"
  }
}
